
Microsoft Visual Studio Solution File, Format Version 12.00
# Visual Studio Version 17
VisualStudioVersion = 17.7.34031.279
MinimumVisualStudioVersion = 10.0.40219.1
Project("{FAE04EC0-301F-11D3-BF4B-00C04F79EFBC}") = "bones_v2", "bones_v2.csproj", "{06849C8C-556E-4DCA-935A-C61F4DE48348}"
EndProject
Global
	GlobalSection(SolutionConfigurationPlatforms) = preSolution
		Debug|Any CPU = Debug|Any CPU
		Release|Any CPU = Release|Any CPU
	EndGlobalSection
	GlobalSection(ProjectConfigurationPlatforms) = postSolution
		{06849C8C-556E-4DCA-935A-C61F4DE48348}.Debug|Any CPU.ActiveCfg = Debug|Any CPU
		{06849C8C-556E-4DCA-935A-C61F4DE48348}.Debug|Any CPU.Build.0 = Debug|Any CPU
		{06849C8C-556E-4DCA-935A-C61F4DE48348}.Release|Any CPU.ActiveCfg = Release|Any CPU
		{06849C8C-556E-4DCA-935A-C61F4DE48348}.Release|Any CPU.Build.0 = Release|Any CPU
	EndGlobalSection
	GlobalSection(SolutionProperties) = preSolution
		HideSolutionNode = FALSE
	EndGlobalSection
	GlobalSection(ExtensibilityGlobals) = postSolution
		SolutionGuid = {F82DF10D-0C37-42BC-97EA-6AD2D242F927}
	EndGlobalSection
EndGlobal
